
Microsoft Visual Studio Solution File, Format Version 12.00
# Visual Studio Version 18
VisualStudioVersion = 18.10.12210.168
MinimumVisualStudioVersion = 10.0.40219.1
Project("{FAE04EC0-301F-11D3-BF4B-00C04F79EFBC}") = "DesktopPet", "src\DesktopPet\DesktopPet.csproj", "{D5D5691C-EBA1-4B5D-8F09-179AA010B0D2}"
EndProject
Project("{2150E333-8FDC-42A3-9474-1A3956D46DE8}") = "解决方案项", "解决方案项", "{D31A6C7F-6953-4FB1-B50C-64727023FADE}"
	ProjectSection(SolutionItems) = preProject
		docs\AGENTS.md = docs\AGENTS.md
		update-and-restart.cmd = update-and-restart.cmd
	EndProjectSection
EndProject
Global
	GlobalSection(SolutionConfigurationPlatforms) = preSolution
		Debug|Any CPU = Debug|Any CPU
		Release|Any CPU = Release|Any CPU
	EndGlobalSection
	GlobalSection(ProjectConfigurationPlatforms) = postSolution
		{D5D5691C-EBA1-4B5D-8F09-179AA010B0D2}.Debug|Any CPU.ActiveCfg = Debug|Any CPU
		{D5D5691C-EBA1-4B5D-8F09-179AA010B0D2}.Debug|Any CPU.Build.0 = Debug|Any CPU
		{D5D5691C-EBA1-4B5D-8F09-179AA010B0D2}.Release|Any CPU.ActiveCfg = Release|Any CPU
		{D5D5691C-EBA1-4B5D-8F09-179AA010B0D2}.Release|Any CPU.Build.0 = Release|Any CPU
	EndGlobalSection
	GlobalSection(SolutionProperties) = preSolution
		HideSolutionNode = FALSE
	EndGlobalSection
	GlobalSection(ExtensibilityGlobals) = postSolution
		SolutionGuid = {3881CD39-AD7E-4C4A-92E5-EF17F3DC0775}
	EndGlobalSection
EndGlobal
